
Microsoft Visual Studio Solution File, Format Version 12.00
# Visual Studio Version 17
VisualStudioVersion = 17.2.32602.215
MinimumVisualStudioVersion = 10.0.40219.1
Project("{FAE04EC0-301F-11D3-BF4B-00C04F79EFBC}") = "SoChinhPhuong", "SoChinhPhuong\SoChinhPhuong.csproj", "{231F7926-6D84-41E7-916A-F38F2A39D8DF}"
EndProject
Global
	GlobalSection(SolutionConfigurationPlatforms) = preSolution
		Debug|Any CPU = Debug|Any CPU
		Release|Any CPU = Release|Any CPU
	EndGlobalSection
	GlobalSection(ProjectConfigurationPlatforms) = postSolution
		{231F7926-6D84-41E7-916A-F38F2A39D8DF}.Debug|Any CPU.ActiveCfg = Debug|Any CPU
		{231F7926-6D84-41E7-916A-F38F2A39D8DF}.Debug|Any CPU.Build.0 = Debug|Any CPU
		{231F7926-6D84-41E7-916A-F38F2A39D8DF}.Release|Any CPU.ActiveCfg = Release|Any CPU
		{231F7926-6D84-41E7-916A-F38F2A39D8DF}.Release|Any CPU.Build.0 = Release|Any CPU
	EndGlobalSection
	GlobalSection(SolutionProperties) = preSolution
		HideSolutionNode = FALSE
	EndGlobalSection
	GlobalSection(ExtensibilityGlobals) = postSolution
		SolutionGuid = {101E817C-41B2-434B-BA4B-1803F04B9A12}
	EndGlobalSection
EndGlobal
